
Microsoft Visual Studio Solution File, Format Version 12.00
Project("{FAE04EC0-301F-11D3-BF4B-00C04F79EFBC}") = "Onboarding", "Onboarding\Onboarding.csproj", "{D287BF5B-0722-4F22-822A-C8C5EB5C49F1}"
EndProject
Global
	GlobalSection(SolutionConfigurationPlatforms) = preSolution
		Debug|Any CPU = Debug|Any CPU
		Release|Any CPU = Release|Any CPU
	EndGlobalSection
	GlobalSection(ProjectConfigurationPlatforms) = postSolution
		{D287BF5B-0722-4F22-822A-C8C5EB5C49F1}.Debug|Any CPU.ActiveCfg = Debug|Any CPU
		{D287BF5B-0722-4F22-822A-C8C5EB5C49F1}.Debug|Any CPU.Build.0 = Debug|Any CPU
		{D287BF5B-0722-4F22-822A-C8C5EB5C49F1}.Release|Any CPU.ActiveCfg = Release|Any CPU
		{D287BF5B-0722-4F22-822A-C8C5EB5C49F1}.Release|Any CPU.Build.0 = Release|Any CPU
	EndGlobalSection
EndGlobal
